{
  "name": "aoc2023",
  "version": "1.0.0",
  "lockfileVersion": 3,
  "requires": true,
  "packages": {
    "": {
      "name": "aoc2023",
      "version": "1.0.0",
      "license": "ISC",
      "devDependencies": {
        "@types/node": "^16.18.66",
        "tslib": "^2.3.1"
      }
    },
    "node_modules/@types/node": {
      "version": "16.18.66",
      "resolved": "https://registry.npmjs.org/@types/node/-/node-16.18.66.tgz",
      "integrity": "sha512-sePmD/imfKvC4re/Wwos1NEcXYm6O96CAG5gQVY53nmDb8ePQ4qPku6uruN7n6TJ0t5FhcoUc2+yvE2/UZVDZw==",
      "dev": true
    },
    "node_modules/tslib": {
      "version": "2.6.2",
      "resolved": "https://registry.npmjs.org/tslib/-/tslib-2.6.2.tgz",
      "integrity": "sha512-AEYxH93jGFPn/a2iVAwW87VuUIkR1FVUKB77NwMF7nBTDkDrrT/Hpt/IrCJ0QXhW27jTBDcf5ZY7w6RiqTMw2Q==",
      "dev": true
    }
  }
}
